
Microsoft Visual Studio Solution File, Format Version 11.00
# Visual Studio 2010
Project("{FAE04EC0-301F-11D3-BF4B-00C04F79EFBC}") = "bingRewards", "bingRewards\bingRewards.csproj", "{368081AC-18A6-4766-BA96-258798E6FDF6}"
EndProject
Project("{54435603-DBB4-11D2-8724-00A0C9A8B90C}") = "bingRewards Setup", "bingRewards Setup\bingRewards Setup.vdproj", "{0EC09811-BDE2-42AC-AE55-11218E3C46B0}"
EndProject
Global
	GlobalSection(SolutionConfigurationPlatforms) = preSolution
		Debug|x86 = Debug|x86
		Release|x86 = Release|x86
	EndGlobalSection
	GlobalSection(ProjectConfigurationPlatforms) = postSolution
		{368081AC-18A6-4766-BA96-258798E6FDF6}.Debug|x86.ActiveCfg = Debug|x86
		{368081AC-18A6-4766-BA96-258798E6FDF6}.Debug|x86.Build.0 = Debug|x86
		{368081AC-18A6-4766-BA96-258798E6FDF6}.Release|x86.ActiveCfg = Release|x86
		{368081AC-18A6-4766-BA96-258798E6FDF6}.Release|x86.Build.0 = Release|x86
		{0EC09811-BDE2-42AC-AE55-11218E3C46B0}.Debug|x86.ActiveCfg = Debug
		{0EC09811-BDE2-42AC-AE55-11218E3C46B0}.Release|x86.ActiveCfg = Release
	EndGlobalSection
	GlobalSection(SolutionProperties) = preSolution
		HideSolutionNode = FALSE
	EndGlobalSection
EndGlobal
